
Microsoft Visual Studio Solution File, Format Version 12.00
# Visual Studio Version 16
VisualStudioVersion = 16.0.31729.503
MinimumVisualStudioVersion = 10.0.40219.1
Project("{FAE04EC0-301F-11D3-BF4B-00C04F79EFBC}") = "DoubleLinkedList", "DoubleLinkedList\DoubleLinkedList.csproj", "{AADEDC2A-1737-4586-9147-E5C3982019C9}"
EndProject
Global
	GlobalSection(SolutionConfigurationPlatforms) = preSolution
		Debug|Any CPU = Debug|Any CPU
		Release|Any CPU = Release|Any CPU
	EndGlobalSection
	GlobalSection(ProjectConfigurationPlatforms) = postSolution
		{AADEDC2A-1737-4586-9147-E5C3982019C9}.Debug|Any CPU.ActiveCfg = Debug|Any CPU
		{AADEDC2A-1737-4586-9147-E5C3982019C9}.Debug|Any CPU.Build.0 = Debug|Any CPU
		{AADEDC2A-1737-4586-9147-E5C3982019C9}.Release|Any CPU.ActiveCfg = Release|Any CPU
		{AADEDC2A-1737-4586-9147-E5C3982019C9}.Release|Any CPU.Build.0 = Release|Any CPU
	EndGlobalSection
	GlobalSection(SolutionProperties) = preSolution
		HideSolutionNode = FALSE
	EndGlobalSection
	GlobalSection(ExtensibilityGlobals) = postSolution
		SolutionGuid = {EF159B27-63A3-4F31-A170-7BD6C96AAA63}
	EndGlobalSection
EndGlobal
